{
  "version": "1",
  "sources": {
    "nixpkgs": {
      "type": "GitHub",
      "fetchType": "tarball",
      "owner": "nixos",
      "repo": "nixpkgs",
      "branch": "nixos-unstable",
      "revision": "8ce4ef6cb6f871616146b9fe26d2a5ae594e94fe",
      "url": "https://github.com/nixos/nixpkgs/archive/8ce4ef6cb6f871616146b9fe26d2a5ae594e94fe.tar.gz",
      "hash": "sha256-xB8mKMOx1IA9vTDNLmJZ6n4wCMq/cuWBBOzGCRnqxrU="
    }
  }
}
